
Microsoft Visual Studio Solution File, Format Version 12.00
# Visual Studio Version 17
VisualStudioVersion = 17.10.35027.167
MinimumVisualStudioVersion = 10.0.40219.1
Project("{2150E333-8FDC-42A3-9474-1A3956D46DE8}") = "FrontEnd", "FrontEnd", "{EEBDA4A0-5F87-4597-8F9C-5E7BA9378052}"
EndProject
Project("{2150E333-8FDC-42A3-9474-1A3956D46DE8}") = "Gateway", "Gateway", "{7F197297-6ACC-4567-A714-FF1BCDF97EC5}"
EndProject
Project("{2150E333-8FDC-42A3-9474-1A3956D46DE8}") = "Integration", "Integration", "{BC7B2823-9CBC-44E7-B3D3-B61A2C6683F5}"
EndProject
Project("{2150E333-8FDC-42A3-9474-1A3956D46DE8}") = "Services", "Services", "{A5D2C112-0BCB-40A0-B1D7-20E66E133E44}"
EndProject
Project("{9A19103F-16F7-4668-BE54-9A1E7A4F7556}") = "CouponAPI", "CouponAPI\CouponAPI.csproj", "{275B890F-C4D5-47A7-9331-EE77ED3E9AAD}"
EndProject
Project("{9A19103F-16F7-4668-BE54-9A1E7A4F7556}") = "Web", "Web\Web.csproj", "{ADCBABB9-9806-4503-B613-5C20AE939304}"
EndProject
Project("{FAE04EC0-301F-11D3-BF4B-00C04F79EFBC}") = "AuthAPI", "AuthAPI\AuthAPI.csproj", "{B3ADC5F0-0E25-447D-B6C9-760DADCC8281}"
EndProject
Global
	GlobalSection(SolutionConfigurationPlatforms) = preSolution
		Debug|Any CPU = Debug|Any CPU
		Release|Any CPU = Release|Any CPU
	EndGlobalSection
	GlobalSection(ProjectConfigurationPlatforms) = postSolution
		{275B890F-C4D5-47A7-9331-EE77ED3E9AAD}.Debug|Any CPU.ActiveCfg = Debug|Any CPU
		{275B890F-C4D5-47A7-9331-EE77ED3E9AAD}.Debug|Any CPU.Build.0 = Debug|Any CPU
		{275B890F-C4D5-47A7-9331-EE77ED3E9AAD}.Release|Any CPU.ActiveCfg = Release|Any CPU
		{275B890F-C4D5-47A7-9331-EE77ED3E9AAD}.Release|Any CPU.Build.0 = Release|Any CPU
		{ADCBABB9-9806-4503-B613-5C20AE939304}.Debug|Any CPU.ActiveCfg = Debug|Any CPU
		{ADCBABB9-9806-4503-B613-5C20AE939304}.Debug|Any CPU.Build.0 = Debug|Any CPU
		{ADCBABB9-9806-4503-B613-5C20AE939304}.Release|Any CPU.ActiveCfg = Release|Any CPU
		{ADCBABB9-9806-4503-B613-5C20AE939304}.Release|Any CPU.Build.0 = Release|Any CPU
		{B3ADC5F0-0E25-447D-B6C9-760DADCC8281}.Debug|Any CPU.ActiveCfg = Debug|Any CPU
		{B3ADC5F0-0E25-447D-B6C9-760DADCC8281}.Debug|Any CPU.Build.0 = Debug|Any CPU
		{B3ADC5F0-0E25-447D-B6C9-760DADCC8281}.Release|Any CPU.ActiveCfg = Release|Any CPU
		{B3ADC5F0-0E25-447D-B6C9-760DADCC8281}.Release|Any CPU.Build.0 = Release|Any CPU
	EndGlobalSection
	GlobalSection(SolutionProperties) = preSolution
		HideSolutionNode = FALSE
	EndGlobalSection
	GlobalSection(NestedProjects) = preSolution
		{275B890F-C4D5-47A7-9331-EE77ED3E9AAD} = {A5D2C112-0BCB-40A0-B1D7-20E66E133E44}
		{ADCBABB9-9806-4503-B613-5C20AE939304} = {EEBDA4A0-5F87-4597-8F9C-5E7BA9378052}
		{B3ADC5F0-0E25-447D-B6C9-760DADCC8281} = {A5D2C112-0BCB-40A0-B1D7-20E66E133E44}
	EndGlobalSection
	GlobalSection(ExtensibilityGlobals) = postSolution
		SolutionGuid = {233AE518-19B3-46D5-AA33-540FAF440175}
	EndGlobalSection
EndGlobal
